
Microsoft Visual Studio Solution File, Format Version 12.00
# Visual Studio 2013
VisualStudioVersion = 12.0.40629.0
MinimumVisualStudioVersion = 10.0.40219.1
Project("{FAE04EC0-301F-11D3-BF4B-00C04F79EFBC}") = "WM500V5Lib", "WM500V5Lib\WM500V5Lib.csproj", "{F487C704-5351-4CDB-9D11-4FCC7ECFBEF6}"
EndProject
Project("{FAE04EC0-301F-11D3-BF4B-00C04F79EFBC}") = "WM500V5Console", "WM500V5Console\WM500V5Console.csproj", "{57F590FF-B648-43C0-BFCC-FA14D56F1058}"
EndProject
Global
	GlobalSection(SolutionConfigurationPlatforms) = preSolution
		Debug|Any CPU = Debug|Any CPU
		Release|Any CPU = Release|Any CPU
	EndGlobalSection
	GlobalSection(ProjectConfigurationPlatforms) = postSolution
		{F487C704-5351-4CDB-9D11-4FCC7ECFBEF6}.Debug|Any CPU.ActiveCfg = Debug|Any CPU
		{F487C704-5351-4CDB-9D11-4FCC7ECFBEF6}.Debug|Any CPU.Build.0 = Debug|Any CPU
		{F487C704-5351-4CDB-9D11-4FCC7ECFBEF6}.Release|Any CPU.ActiveCfg = Release|Any CPU
		{F487C704-5351-4CDB-9D11-4FCC7ECFBEF6}.Release|Any CPU.Build.0 = Release|Any CPU
		{57F590FF-B648-43C0-BFCC-FA14D56F1058}.Debug|Any CPU.ActiveCfg = Debug|Any CPU
		{57F590FF-B648-43C0-BFCC-FA14D56F1058}.Debug|Any CPU.Build.0 = Debug|Any CPU
		{57F590FF-B648-43C0-BFCC-FA14D56F1058}.Release|Any CPU.ActiveCfg = Release|Any CPU
		{57F590FF-B648-43C0-BFCC-FA14D56F1058}.Release|Any CPU.Build.0 = Release|Any CPU
	EndGlobalSection
	GlobalSection(SolutionProperties) = preSolution
		HideSolutionNode = FALSE
	EndGlobalSection
EndGlobal
